
Microsoft Visual Studio Solution File, Format Version 12.00
# Visual Studio Version 16
VisualStudioVersion = 16.0.30523.141
MinimumVisualStudioVersion = 10.0.40219.1
Project("{FAE04EC0-301F-11D3-BF4B-00C04F79EFBC}") = "Rocky", "Rocky\Rocky.csproj", "{1AE0A6A7-149E-4DC2-82A6-EF99C72DB871}"
EndProject
Global
	GlobalSection(SolutionConfigurationPlatforms) = preSolution
		Debug|Any CPU = Debug|Any CPU
		Release|Any CPU = Release|Any CPU
	EndGlobalSection
	GlobalSection(ProjectConfigurationPlatforms) = postSolution
		{1AE0A6A7-149E-4DC2-82A6-EF99C72DB871}.Debug|Any CPU.ActiveCfg = Debug|Any CPU
		{1AE0A6A7-149E-4DC2-82A6-EF99C72DB871}.Debug|Any CPU.Build.0 = Debug|Any CPU
		{1AE0A6A7-149E-4DC2-82A6-EF99C72DB871}.Release|Any CPU.ActiveCfg = Release|Any CPU
		{1AE0A6A7-149E-4DC2-82A6-EF99C72DB871}.Release|Any CPU.Build.0 = Release|Any CPU
	EndGlobalSection
	GlobalSection(SolutionProperties) = preSolution
		HideSolutionNode = FALSE
	EndGlobalSection
	GlobalSection(ExtensibilityGlobals) = postSolution
		SolutionGuid = {BC5AA5BE-A625-496B-BB3C-F1A49F47ECD4}
	EndGlobalSection
EndGlobal
